
Microsoft Visual Studio Solution File, Format Version 12.00
# Visual Studio 2013
VisualStudioVersion = 12.0.31101.0
MinimumVisualStudioVersion = 10.0.40219.1
Project("{FAE04EC0-301F-11D3-BF4B-00C04F79EFBC}") = "CarboIOProducts", "CarboIOProducts\CarboIOProducts.csproj", "{D2910663-D581-4030-9186-516B7EAEAB88}"
EndProject
Project("{FAE04EC0-301F-11D3-BF4B-00C04F79EFBC}") = "CarboIOVSUnitTests", "CarboIOVSUnitTests\CarboIOVSUnitTests.csproj", "{D20972AB-D9D7-4C66-B8FB-E48ED1251531}"
EndProject
Project("{FAE04EC0-301F-11D3-BF4B-00C04F79EFBC}") = "CarboIONUnitTests", "CarboIONUnitTests\CarboIONUnitTests.csproj", "{3290CB5F-54CA-49F2-AF94-C6AE2A710014}"
EndProject
Project("{FAE04EC0-301F-11D3-BF4B-00C04F79EFBC}") = "CarboIOXUnitNetTests", "CarboIOXUnitNetTests\CarboIOXUnitNetTests.csproj", "{038776BE-BBFE-4E29-A353-D511BB2917E3}"
EndProject
Global
	GlobalSection(SolutionConfigurationPlatforms) = preSolution
		Debug|Any CPU = Debug|Any CPU
		Release|Any CPU = Release|Any CPU
	EndGlobalSection
	GlobalSection(ProjectConfigurationPlatforms) = postSolution
		{D2910663-D581-4030-9186-516B7EAEAB88}.Debug|Any CPU.ActiveCfg = Debug|Any CPU
		{D2910663-D581-4030-9186-516B7EAEAB88}.Debug|Any CPU.Build.0 = Debug|Any CPU
		{D2910663-D581-4030-9186-516B7EAEAB88}.Release|Any CPU.ActiveCfg = Release|Any CPU
		{D2910663-D581-4030-9186-516B7EAEAB88}.Release|Any CPU.Build.0 = Release|Any CPU
		{D20972AB-D9D7-4C66-B8FB-E48ED1251531}.Debug|Any CPU.ActiveCfg = Debug|Any CPU
		{D20972AB-D9D7-4C66-B8FB-E48ED1251531}.Debug|Any CPU.Build.0 = Debug|Any CPU
		{D20972AB-D9D7-4C66-B8FB-E48ED1251531}.Release|Any CPU.ActiveCfg = Release|Any CPU
		{D20972AB-D9D7-4C66-B8FB-E48ED1251531}.Release|Any CPU.Build.0 = Release|Any CPU
		{3290CB5F-54CA-49F2-AF94-C6AE2A710014}.Debug|Any CPU.ActiveCfg = Debug|Any CPU
		{3290CB5F-54CA-49F2-AF94-C6AE2A710014}.Debug|Any CPU.Build.0 = Debug|Any CPU
		{3290CB5F-54CA-49F2-AF94-C6AE2A710014}.Release|Any CPU.ActiveCfg = Release|Any CPU
		{3290CB5F-54CA-49F2-AF94-C6AE2A710014}.Release|Any CPU.Build.0 = Release|Any CPU
		{038776BE-BBFE-4E29-A353-D511BB2917E3}.Debug|Any CPU.ActiveCfg = Debug|Any CPU
		{038776BE-BBFE-4E29-A353-D511BB2917E3}.Debug|Any CPU.Build.0 = Debug|Any CPU
		{038776BE-BBFE-4E29-A353-D511BB2917E3}.Release|Any CPU.ActiveCfg = Release|Any CPU
		{038776BE-BBFE-4E29-A353-D511BB2917E3}.Release|Any CPU.Build.0 = Release|Any CPU
	EndGlobalSection
	GlobalSection(SolutionProperties) = preSolution
		HideSolutionNode = FALSE
	EndGlobalSection
EndGlobal
